
Microsoft Visual Studio Solution File, Format Version 12.00
# Visual Studio Version 17
VisualStudioVersion = 17.2.32616.157
MinimumVisualStudioVersion = 10.0.40219.1
Project("{FAE04EC0-301F-11D3-BF4B-00C04F79EFBC}") = "SocketTest02", "SocketTest02\SocketTest02.csproj", "{6A67F02E-1251-43AB-B0A1-A18A5174D5BE}"
EndProject
Global
	GlobalSection(SolutionConfigurationPlatforms) = preSolution
		Debug|Any CPU = Debug|Any CPU
		Release|Any CPU = Release|Any CPU
	EndGlobalSection
	GlobalSection(ProjectConfigurationPlatforms) = postSolution
		{6A67F02E-1251-43AB-B0A1-A18A5174D5BE}.Debug|Any CPU.ActiveCfg = Debug|Any CPU
		{6A67F02E-1251-43AB-B0A1-A18A5174D5BE}.Debug|Any CPU.Build.0 = Debug|Any CPU
		{6A67F02E-1251-43AB-B0A1-A18A5174D5BE}.Release|Any CPU.ActiveCfg = Release|Any CPU
		{6A67F02E-1251-43AB-B0A1-A18A5174D5BE}.Release|Any CPU.Build.0 = Release|Any CPU
	EndGlobalSection
	GlobalSection(SolutionProperties) = preSolution
		HideSolutionNode = FALSE
	EndGlobalSection
	GlobalSection(ExtensibilityGlobals) = postSolution
		SolutionGuid = {62DB932D-C596-4C9F-8395-C035017D8C99}
	EndGlobalSection
EndGlobal
